// !$*UTF8*$!
{
	archiveVersion = 1;
	classes = {
	};
	objectVersion = 55;
	objects = {

/* Begin PBXBuildFile section */
		03A1A43F2854E91A0077240B /* CaloriesView.swift in Sources */ = {isa = PBXBuildFile; fileRef = 03A1A43E2854E91A0077240B /* CaloriesView.swift */; };
		03A1A4412854E9450077240B /* ProgressRingView.swift in Sources */ = {isa = PBXBuildFile; fileRef = 03A1A4402854E9450077240B /* ProgressRingView.swift */; };
		03A515632854F50B00CD5348 /* Calories.swift in Sources */ = {isa = PBXBuildFile; fileRef = 03A515622854F50B00CD5348 /* Calories.swift */; };
		03A51565285504D300CD5348 /* AuthenticationResponse.swift in Sources */ = {isa = PBXBuildFile; fileRef = 03A51564285504D300CD5348 /* AuthenticationResponse.swift */; };
		03F0029F2854D9FE0042E044 /* onehealthApp.swift in Sources */ = {isa = PBXBuildFile; fileRef = 03F0029E2854D9FE0042E044 /* onehealthApp.swift */; };
		03F002A12854D9FE0042E044 /* ContentView.swift in Sources */ = {isa = PBXBuildFile; fileRef = 03F002A02854D9FE0042E044 /* ContentView.swift */; };
		03F002A32854DA000042E044 /* Assets.xcassets in Resources */ = {isa = PBXBuildFile; fileRef = 03F002A22854DA000042E044 /* Assets.xcassets */; };
		03F002A62854DA000042E044 /* Preview Assets.xcassets in Resources */ = {isa = PBXBuildFile; fileRef = 03F002A52854DA000042E044 /* Preview Assets.xcassets */; };
		03F002AD2854DA5F0042E044 /* HealthManager.swift in Sources */ = {isa = PBXBuildFile; fileRef = 03F002AC2854DA5F0042E044 /* HealthManager.swift */; };
		03F002B02854DA950042E044 /* Bmi.swift in Sources */ = {isa = PBXBuildFile; fileRef = 03F002AF2854DA950042E044 /* Bmi.swift */; };
		03F002B22854DAA40042E044 /* WebApiManager.swift in Sources */ = {isa = PBXBuildFile; fileRef = 03F002B12854DAA40042E044 /* WebApiManager.swift */; };
		03F002B42854DABA0042E044 /* BMIView.swift in Sources */ = {isa = PBXBuildFile; fileRef = 03F002B32854DABA0042E044 /* BMIView.swift */; };
/* End PBXBuildFile section */

/* Begin PBXFileReference section */
		03A1A43E2854E91A0077240B /* CaloriesView.swift */ = {isa = PBXFileReference; lastKnownFileType = sourcecode.swift; path = CaloriesView.swift; sourceTree = "<group>"; };
		03A1A4402854E9450077240B /* ProgressRingView.swift */ = {isa = PBXFileReference; lastKnownFileType = sourcecode.swift; path = ProgressRingView.swift; sourceTree = "<group>"; };
		03A515622854F50B00CD5348 /* Calories.swift */ = {isa = PBXFileReference; lastKnownFileType = sourcecode.swift; path = Calories.swift; sourceTree = "<group>"; };
		03A51564285504D300CD5348 /* AuthenticationResponse.swift */ = {isa = PBXFileReference; lastKnownFileType = sourcecode.swift; path = AuthenticationResponse.swift; sourceTree = "<group>"; };
		03A51566285506F900CD5348 /* Info.plist */ = {isa = PBXFileReference; lastKnownFileType = text.plist; path = Info.plist; sourceTree = "<group>"; };
		03F0029B2854D9FE0042E044 /* onehealth.app */ = {isa = PBXFileReference; explicitFileType = wrapper.application; includeInIndex = 0; path = onehealth.app; sourceTree = BUILT_PRODUCTS_DIR; };
		03F0029E2854D9FE0042E044 /* onehealthApp.swift */ = {isa = PBXFileReference; lastKnownFileType = sourcecode.swift; path = onehealthApp.swift; sourceTree = "<group>"; };
		03F002A02854D9FE0042E044 /* ContentView.swift */ = {isa = PBXFileReference; lastKnownFileType = sourcecode.swift; path = ContentView.swift; sourceTree = "<group>"; };
		03F002A22854DA000042E044 /* Assets.xcassets */ = {isa = PBXFileReference; lastKnownFileType = folder.assetcatalog; path = Assets.xcassets; sourceTree = "<group>"; };
		03F002A52854DA000042E044 /* Preview Assets.xcassets */ = {isa = PBXFileReference; lastKnownFileType = folder.assetcatalog; path = "Preview Assets.xcassets"; sourceTree = "<group>"; };
		03F002AC2854DA5F0042E044 /* HealthManager.swift */ = {isa = PBXFileReference; lastKnownFileType = sourcecode.swift; path = HealthManager.swift; sourceTree = "<group>"; };
		03F002AF2854DA950042E044 /* Bmi.swift */ = {isa = PBXFileReference; lastKnownFileType = sourcecode.swift; path = Bmi.swift; sourceTree = "<group>"; };
		03F002B12854DAA40042E044 /* WebApiManager.swift */ = {isa = PBXFileReference; lastKnownFileType = sourcecode.swift; path = WebApiManager.swift; sourceTree = "<group>"; };
		03F002B32854DABA0042E044 /* BMIView.swift */ = {isa = PBXFileReference; lastKnownFileType = sourcecode.swift; path = BMIView.swift; sourceTree = "<group>"; };
/* End PBXFileReference section */

/* Begin PBXFrameworksBuildPhase section */
		03F002982854D9FE0042E044 /* Frameworks */ = {
			isa = PBXFrameworksBuildPhase;
			buildActionMask = 2147483647;
			files = (
			);
			runOnlyForDeploymentPostprocessing = 0;
		};
/* End PBXFrameworksBuildPhase section */

/* Begin PBXGroup section */
		03A1A43D2854E3680077240B /* images */ = {
			isa = PBXGroup;
			children = (
			);
			path = images;
			sourceTree = "<group>";
		};
		03F002922854D9FE0042E044 = {
			isa = PBXGroup;
			children = (
				03F0029D2854D9FE0042E044 /* onehealth */,
				03F0029C2854D9FE0042E044 /* Products */,
			);
			sourceTree = "<group>";
		};
		03F0029C2854D9FE0042E044 /* Products */ = {
			isa = PBXGroup;
			children = (
				03F0029B2854D9FE0042E044 /* onehealth.app */,
			);
			name = Products;
			sourceTree = "<group>";
		};
		03F0029D2854D9FE0042E044 /* onehealth */ = {
			isa = PBXGroup;
			children = (
				03A51566285506F900CD5348 /* Info.plist */,
				03A1A43D2854E3680077240B /* images */,
				03F002AE2854DA790042E044 /* models */,
				03F0029E2854D9FE0042E044 /* onehealthApp.swift */,
				03F002A02854D9FE0042E044 /* ContentView.swift */,
				03F002A22854DA000042E044 /* Assets.xcassets */,
				03F002A42854DA000042E044 /* Preview Content */,
				03F002AC2854DA5F0042E044 /* HealthManager.swift */,
				03F002B12854DAA40042E044 /* WebApiManager.swift */,
				03F002B32854DABA0042E044 /* BMIView.swift */,
				03A1A43E2854E91A0077240B /* CaloriesView.swift */,
				03A1A4402854E9450077240B /* ProgressRingView.swift */,
			);
			path = onehealth;
			sourceTree = "<group>";
		};
		03F002A42854DA000042E044 /* Preview Content */ = {
			isa = PBXGroup;
			children = (
				03F002A52854DA000042E044 /* Preview Assets.xcassets */,
			);
			path = "Preview Content";
			sourceTree = "<group>";
		};
		03F002AE2854DA790042E044 /* models */ = {
			isa = PBXGroup;
			children = (
				03F002AF2854DA950042E044 /* Bmi.swift */,
				03A515622854F50B00CD5348 /* Calories.swift */,
				03A51564285504D300CD5348 /* AuthenticationResponse.swift */,
			);
			path = models;
			sourceTree = "<group>";
		};
/* End PBXGroup section */

/* Begin PBXNativeTarget section */
		03F0029A2854D9FE0042E044 /* onehealth */ = {
			isa = PBXNativeTarget;
			buildConfigurationList = 03F002A92854DA000042E044 /* Build configuration list for PBXNativeTarget "onehealth" */;
			buildPhases = (
				03F002972854D9FE0042E044 /* Sources */,
				03F002982854D9FE0042E044 /* Frameworks */,
				03F002992854D9FE0042E044 /* Resources */,
			);
			buildRules = (
			);
			dependencies = (
			);
			name = onehealth;
			productName = onehealth;
			productReference = 03F0029B2854D9FE0042E044 /* onehealth.app */;
			productType = "com.apple.product-type.application";
		};
/* End PBXNativeTarget section */

/* Begin PBXProject section */
		03F002932854D9FE0042E044 /* Project object */ = {
			isa = PBXProject;
			attributes = {
				BuildIndependentTargetsInParallel = 1;
				KnownAssetTags = (
					New,
				);
				LastSwiftUpdateCheck = 1340;
				LastUpgradeCheck = 1340;
				TargetAttributes = {
					03F0029A2854D9FE0042E044 = {
						CreatedOnToolsVersion = 13.4.1;
					};
				};
			};
			buildConfigurationList = 03F002962854D9FE0042E044 /* Build configuration list for PBXProject "onehealth" */;
			compatibilityVersion = "Xcode 13.0";
			developmentRegion = en;
			hasScannedForEncodings = 0;
			knownRegions = (
				en,
				Base,
			);
			mainGroup = 03F002922854D9FE0042E044;
			productRefGroup = 03F0029C2854D9FE0042E044 /* Products */;
			projectDirPath = "";
			projectRoot = "";
			targets = (
				03F0029A2854D9FE0042E044 /* onehealth */,
			);
		};
/* End PBXProject section */

/* Begin PBXResourcesBuildPhase section */
		03F002992854D9FE0042E044 /* Resources */ = {
			isa = PBXResourcesBuildPhase;
			buildActionMask = 2147483647;
			files = (
				03F002A62854DA000042E044 /* Preview Assets.xcassets in Resources */,
				03F002A32854DA000042E044 /* Assets.xcassets in Resources */,
			);
			runOnlyForDeploymentPostprocessing = 0;
		};
/* End PBXResourcesBuildPhase section */

/* Begin PBXSourcesBuildPhase section */
		03F002972854D9FE0042E044 /* Sources */ = {
			isa = PBXSourcesBuildPhase;
			buildActionMask = 2147483647;
			files = (
				03F002B02854DA950042E044 /* Bmi.swift in Sources */,
				03A515632854F50B00CD5348 /* Calories.swift in Sources */,
				03A1A4412854E9450077240B /* ProgressRingView.swift in Sources */,
				03F002A12854D9FE0042E044 /* ContentView.swift in Sources */,
				03F002AD2854DA5F0042E044 /* HealthManager.swift in Sources */,
				03F002B42854DABA0042E044 /* BMIView.swift in Sources */,
				03F0029F2854D9FE0042E044 /* onehealthApp.swift in Sources */,
				03F002B22854DAA40042E044 /* WebApiManager.swift in Sources */,
				03A51565285504D300CD5348 /* AuthenticationResponse.swift in Sources */,
				03A1A43F2854E91A0077240B /* CaloriesView.swift in Sources */,
			);
			runOnlyForDeploymentPostprocessing = 0;
		};
/* End PBXSourcesBuildPhase section */

/* Begin XCBuildConfiguration section */
		03F002A72854DA000042E044 /* Debug */ = {
			isa = XCBuildConfiguration;
			buildSettings = {
				ALWAYS_SEARCH_USER_PATHS = NO;
				CLANG_ANALYZER_NONNULL = YES;
				CLANG_ANALYZER_NUMBER_OBJECT_CONVERSION = YES_AGGRESSIVE;
				CLANG_CXX_LANGUAGE_STANDARD = "gnu++17";
				CLANG_ENABLE_MODULES = YES;
				CLANG_ENABLE_OBJC_ARC = YES;
				CLANG_ENABLE_OBJC_WEAK = YES;
				CLANG_WARN_BLOCK_CAPTURE_AUTORELEASING = YES;
				CLANG_WARN_BOOL_CONVERSION = YES;
				CLANG_WARN_COMMA = YES;
				CLANG_WARN_CONSTANT_CONVERSION = YES;
				CLANG_WARN_DEPRECATED_OBJC_IMPLEMENTATIONS = YES;
				CLANG_WARN_DIRECT_OBJC_ISA_USAGE = YES_ERROR;
				CLANG_WARN_DOCUMENTATION_COMMENTS = YES;
				CLANG_WARN_EMPTY_BODY = YES;
				CLANG_WARN_ENUM_CONVERSION = YES;
				CLANG_WARN_INFINITE_RECURSION = YES;
				CLANG_WARN_INT_CONVERSION = YES;
				CLANG_WARN_NON_LITERAL_NULL_CONVERSION = YES;
				CLANG_WARN_OBJC_IMPLICIT_RETAIN_SELF = YES;
				CLANG_WARN_OBJC_LITERAL_CONVERSION = YES;
				CLANG_WARN_OBJC_ROOT_CLASS = YES_ERROR;
				CLANG_WARN_QUOTED_INCLUDE_IN_FRAMEWORK_HEADER = YES;
				CLANG_WARN_RANGE_LOOP_ANALYSIS = YES;
				CLANG_WARN_STRICT_PROTOTYPES = YES;
				CLANG_WARN_SUSPICIOUS_MOVE = YES;
				CLANG_WARN_UNGUARDED_AVAILABILITY = YES_AGGRESSIVE;
				CLANG_WARN_UNREACHABLE_CODE = YES;
				CLANG_WARN__DUPLICATE_METHOD_MATCH = YES;
				COPY_PHASE_STRIP = NO;
				DEBUG_INFORMATION_FORMAT = dwarf;
				ENABLE_STRICT_OBJC_MSGSEND = YES;
				ENABLE_TESTABILITY = YES;
				GCC_C_LANGUAGE_STANDARD = gnu11;
				GCC_DYNAMIC_NO_PIC = NO;
				GCC_NO_COMMON_BLOCKS = YES;
				GCC_OPTIMIZATION_LEVEL = 0;
				GCC_PREPROCESSOR_DEFINITIONS = (
					"DEBUG=1",
					"$(inherited)",
				);
				GCC_WARN_64_TO_32_BIT_CONVERSION = YES;
				GCC_WARN_ABOUT_RETURN_TYPE = YES_ERROR;
				GCC_WARN_UNDECLARED_SELECTOR = YES;
				GCC_WARN_UNINITIALIZED_AUTOS = YES_AGGRESSIVE;
				GCC_WARN_UNUSED_FUNCTION = YES;
				GCC_WARN_UNUSED_VARIABLE = YES;
				IPHONEOS_DEPLOYMENT_TARGET = 15.5;
				MTL_ENABLE_DEBUG_INFO = INCLUDE_SOURCE;
				MTL_FAST_MATH = YES;
				ONLY_ACTIVE_ARCH = YES;
				SDKROOT = iphoneos;
				SWIFT_ACTIVE_COMPILATION_CONDITIONS = DEBUG;
				SWIFT_OPTIMIZATION_LEVEL = "-Onone";
			};
			name = Debug;
		};
		03F002A82854DA000042E044 /* Release */ = {
			isa = XCBuildConfiguration;
			buildSettings = {
				ALWAYS_SEARCH_USER_PATHS = NO;
				CLANG_ANALYZER_NONNULL = YES;
				CLANG_ANALYZER_NUMBER_OBJECT_CONVERSION = YES_AGGRESSIVE;
				CLANG_CXX_LANGUAGE_STANDARD = "gnu++17";
				CLANG_ENABLE_MODULES = YES;
				CLANG_ENABLE_OBJC_ARC = YES;
				CLANG_ENABLE_OBJC_WEAK = YES;
				CLANG_WARN_BLOCK_CAPTURE_AUTORELEASING = YES;
				CLANG_WARN_BOOL_CONVERSION = YES;
				CLANG_WARN_COMMA = YES;
				CLANG_WARN_CONSTANT_CONVERSION = YES;
				CLANG_WARN_DEPRECATED_OBJC_IMPLEMENTATIONS = YES;
				CLANG_WARN_DIRECT_OBJC_ISA_USAGE = YES_ERROR;
				CLANG_WARN_DOCUMENTATION_COMMENTS = YES;
				CLANG_WARN_EMPTY_BODY = YES;
				CLANG_WARN_ENUM_CONVERSION = YES;
				CLANG_WARN_INFINITE_RECURSION = YES;
				CLANG_WARN_INT_CONVERSION = YES;
				CLANG_WARN_NON_LITERAL_NULL_CONVERSION = YES;
				CLANG_WARN_OBJC_IMPLICIT_RETAIN_SELF = YES;
				CLANG_WARN_OBJC_LITERAL_CONVERSION = YES;
				CLANG_WARN_OBJC_ROOT_CLASS = YES_ERROR;
				CLANG_WARN_QUOTED_INCLUDE_IN_FRAMEWORK_HEADER = YES;
				CLANG_WARN_RANGE_LOOP_ANALYSIS = YES;
				CLANG_WARN_STRICT_PROTOTYPES = YES;
				CLANG_WARN_SUSPICIOUS_MOVE = YES;
				CLANG_WARN_UNGUARDED_AVAILABILITY = YES_AGGRESSIVE;
				CLANG_WARN_UNREACHABLE_CODE = YES;
				CLANG_WARN__DUPLICATE_METHOD_MATCH = YES;
				COPY_PHASE_STRIP = NO;
				DEBUG_INFORMATION_FORMAT = "dwarf-with-dsym";
				ENABLE_NS_ASSERTIONS = NO;
				ENABLE_STRICT_OBJC_MSGSEND = YES;
				GCC_C_LANGUAGE_STANDARD = gnu11;
				GCC_NO_COMMON_BLOCKS = YES;
				GCC_WARN_64_TO_32_BIT_CONVERSION = YES;
				GCC_WARN_ABOUT_RETURN_TYPE = YES_ERROR;
				GCC_WARN_UNDECLARED_SELECTOR = YES;
				GCC_WARN_UNINITIALIZED_AUTOS = YES_AGGRESSIVE;
				GCC_WARN_UNUSED_FUNCTION = YES;
				GCC_WARN_UNUSED_VARIABLE = YES;
				IPHONEOS_DEPLOYMENT_TARGET = 15.5;
				MTL_ENABLE_DEBUG_INFO = NO;
				MTL_FAST_MATH = YES;
				SDKROOT = iphoneos;
				SWIFT_COMPILATION_MODE = wholemodule;
				SWIFT_OPTIMIZATION_LEVEL = "-O";
				VALIDATE_PRODUCT = YES;
			};
			name = Release;
		};
		03F002AA2854DA000042E044 /* Debug */ = {
			isa = XCBuildConfiguration;
			buildSettings = {
				ASSETCATALOG_COMPILER_APPICON_NAME = AppIcon;
				ASSETCATALOG_COMPILER_GLOBAL_ACCENT_COLOR_NAME = AccentColor;
				CODE_SIGN_STYLE = Automatic;
				CURRENT_PROJECT_VERSION = 1;
				DEVELOPMENT_ASSET_PATHS = "\"onehealth/Preview Content\"";
				DEVELOPMENT_TEAM = W46G9JTX94;
				ENABLE_PREVIEWS = YES;
				GENERATE_INFOPLIST_FILE = YES;
				INFOPLIST_FILE = onehealth/Info.plist;
				INFOPLIST_KEY_CFBundleDisplayName = "";
				INFOPLIST_KEY_LSApplicationCategoryType = "";
				INFOPLIST_KEY_UIApplicationSceneManifest_Generation = YES;
				INFOPLIST_KEY_UIApplicationSupportsIndirectInputEvents = YES;
				INFOPLIST_KEY_UILaunchScreen_Generation = YES;
				INFOPLIST_KEY_UISupportedInterfaceOrientations_iPad = "UIInterfaceOrientationPortrait UIInterfaceOrientationPortraitUpsideDown UIInterfaceOrientationLandscapeLeft UIInterfaceOrientationLandscapeRight";
				INFOPLIST_KEY_UISupportedInterfaceOrientations_iPhone = "UIInterfaceOrientationPortrait UIInterfaceOrientationLandscapeLeft UIInterfaceOrientationLandscapeRight";
				LD_RUNPATH_SEARCH_PATHS = (
					"$(inherited)",
					"@executable_path/Frameworks",
				);
				MARKETING_VERSION = 1.0;
				PRODUCT_BUNDLE_IDENTIFIER = com.swiftdevuini.onehealth;
				PRODUCT_NAME = "$(TARGET_NAME)";
				SWIFT_EMIT_LOC_STRINGS = YES;
				SWIFT_VERSION = 5.0;
				TARGETED_DEVICE_FAMILY = "1,2";
			};
			name = Debug;
		};
		03F002AB2854DA000042E044 /* Release */ = {
			isa = XCBuildConfiguration;
			buildSettings = {
				ASSETCATALOG_COMPILER_APPICON_NAME = AppIcon;
				ASSETCATALOG_COMPILER_GLOBAL_ACCENT_COLOR_NAME = AccentColor;
				CODE_SIGN_STYLE = Automatic;
				CURRENT_PROJECT_VERSION = 1;
				DEVELOPMENT_ASSET_PATHS = "\"onehealth/Preview Content\"";
				DEVELOPMENT_TEAM = W46G9JTX94;
				ENABLE_PREVIEWS = YES;
				GENERATE_INFOPLIST_FILE = YES;
				INFOPLIST_FILE = onehealth/Info.plist;
				INFOPLIST_KEY_CFBundleDisplayName = "";
				INFOPLIST_KEY_LSApplicationCategoryType = "";
				INFOPLIST_KEY_UIApplicationSceneManifest_Generation = YES;
				INFOPLIST_KEY_UIApplicationSupportsIndirectInputEvents = YES;
				INFOPLIST_KEY_UILaunchScreen_Generation = YES;
				INFOPLIST_KEY_UISupportedInterfaceOrientations_iPad = "UIInterfaceOrientationPortrait UIInterfaceOrientationPortraitUpsideDown UIInterfaceOrientationLandscapeLeft UIInterfaceOrientationLandscapeRight";
				INFOPLIST_KEY_UISupportedInterfaceOrientations_iPhone = "UIInterfaceOrientationPortrait UIInterfaceOrientationLandscapeLeft UIInterfaceOrientationLandscapeRight";
				LD_RUNPATH_SEARCH_PATHS = (
					"$(inherited)",
					"@executable_path/Frameworks",
				);
				MARKETING_VERSION = 1.0;
				PRODUCT_BUNDLE_IDENTIFIER = com.swiftdevuini.onehealth;
				PRODUCT_NAME = "$(TARGET_NAME)";
				SWIFT_EMIT_LOC_STRINGS = YES;
				SWIFT_VERSION = 5.0;
				TARGETED_DEVICE_FAMILY = "1,2";
			};
			name = Release;
		};
/* End XCBuildConfiguration section */

/* Begin XCConfigurationList section */
		03F002962854D9FE0042E044 /* Build configuration list for PBXProject "onehealth" */ = {
			isa = XCConfigurationList;
			buildConfigurations = (
				03F002A72854DA000042E044 /* Debug */,
				03F002A82854DA000042E044 /* Release */,
			);
			defaultConfigurationIsVisible = 0;
			defaultConfigurationName = Release;
		};
		03F002A92854DA000042E044 /* Build configuration list for PBXNativeTarget "onehealth" */ = {
			isa = XCConfigurationList;
			buildConfigurations = (
				03F002AA2854DA000042E044 /* Debug */,
				03F002AB2854DA000042E044 /* Release */,
			);
			defaultConfigurationIsVisible = 0;
			defaultConfigurationName = Release;
		};
/* End XCConfigurationList section */
	};
	rootObject = 03F002932854D9FE0042E044 /* Project object */;
}
